
Microsoft Visual Studio Solution File, Format Version 12.00
# Visual Studio Version 16
VisualStudioVersion = 16.0.30517.126
MinimumVisualStudioVersion = 10.0.40219.1
Project("{9A19103F-16F7-4668-BE54-9A1E7A4F7556}") = "BlazorAppWithCockroachDB", "BlazorAppWithCockroachDB\BlazorAppWithCockroachDB.csproj", "{EEC66B01-78FD-4568-9745-97A15D5F1B76}"
EndProject
Project("{9A19103F-16F7-4668-BE54-9A1E7A4F7556}") = "CockroachDbLib", "CockroachDbLib\CockroachDbLib.csproj", "{47C037F0-55FC-43C6-99EA-8BBEF91987B6}"
EndProject
Global
	GlobalSection(SolutionConfigurationPlatforms) = preSolution
		Debug|Any CPU = Debug|Any CPU
		Release|Any CPU = Release|Any CPU
	EndGlobalSection
	GlobalSection(ProjectConfigurationPlatforms) = postSolution
		{EEC66B01-78FD-4568-9745-97A15D5F1B76}.Debug|Any CPU.ActiveCfg = Debug|Any CPU
		{EEC66B01-78FD-4568-9745-97A15D5F1B76}.Debug|Any CPU.Build.0 = Debug|Any CPU
		{EEC66B01-78FD-4568-9745-97A15D5F1B76}.Release|Any CPU.ActiveCfg = Release|Any CPU
		{EEC66B01-78FD-4568-9745-97A15D5F1B76}.Release|Any CPU.Build.0 = Release|Any CPU
		{47C037F0-55FC-43C6-99EA-8BBEF91987B6}.Debug|Any CPU.ActiveCfg = Debug|Any CPU
		{47C037F0-55FC-43C6-99EA-8BBEF91987B6}.Debug|Any CPU.Build.0 = Debug|Any CPU
		{47C037F0-55FC-43C6-99EA-8BBEF91987B6}.Release|Any CPU.ActiveCfg = Release|Any CPU
		{47C037F0-55FC-43C6-99EA-8BBEF91987B6}.Release|Any CPU.Build.0 = Release|Any CPU
	EndGlobalSection
	GlobalSection(SolutionProperties) = preSolution
		HideSolutionNode = FALSE
	EndGlobalSection
	GlobalSection(ExtensibilityGlobals) = postSolution
		SolutionGuid = {74400599-AF78-4A14-91BE-BBD5AAC18C76}
	EndGlobalSection
EndGlobal
